{
  "requires": true,
  "lockfileVersion": 1,
  "dependencies": {
    "angular-resource": {
      "version": "1.8.2",
      "resolved": "https://registry.npmjs.org/angular-resource/-/angular-resource-1.8.2.tgz",
      "integrity": "sha512-CbTu8ypkVZMBLm+Wd+jI9xR7QEVCeUgN8WXsr9Yi9l0s/8ZQa5kEIuYX3F/75Ej8Xs1Jp9DoKjAyvACI6Q8IJA=="
    }
  }
}
